// !$*UTF8*$!
{
	archiveVersion = 1;
	classes = {
	};
	objectVersion = 46;
	objects = {

/* Begin PBXBuildFile section */
		8F80FF201D068E930075CA8E /* AppDelegate.swift in Sources */ = {isa = PBXBuildFile; fileRef = 8F80FF1F1D068E930075CA8E /* AppDelegate.swift */; };
		8F80FF221D068E930075CA8E /* ViewController.swift in Sources */ = {isa = PBXBuildFile; fileRef = 8F80FF211D068E930075CA8E /* ViewController.swift */; };
		8F80FF251D068E930075CA8E /* Main.storyboard in Resources */ = {isa = PBXBuildFile; fileRef = 8F80FF231D068E930075CA8E /* Main.storyboard */; };
		8F80FF271D068E930075CA8E /* Assets.xcassets in Resources */ = {isa = PBXBuildFile; fileRef = 8F80FF261D068E930075CA8E /* Assets.xcassets */; };
		8F80FF2A1D068E930075CA8E /* LaunchScreen.storyboard in Resources */ = {isa = PBXBuildFile; fileRef = 8F80FF281D068E930075CA8E /* LaunchScreen.storyboard */; };
		8F80FF351D068E930075CA8E /* NekoTestTests.swift in Sources */ = {isa = PBXBuildFile; fileRef = 8F80FF341D068E930075CA8E /* NekoTestTests.swift */; };
		8F80FF401D068E930075CA8E /* NekoTestUITests.swift in Sources */ = {isa = PBXBuildFile; fileRef = 8F80FF3F1D068E930075CA8E /* NekoTestUITests.swift */; };
/* End PBXBuildFile section */

/* Begin PBXContainerItemProxy section */
		8F80FF311D068E930075CA8E /* PBXContainerItemProxy */ = {
			isa = PBXContainerItemProxy;
			containerPortal = 8F80FF141D068E930075CA8E /* Project object */;
			proxyType = 1;
			remoteGlobalIDString = 8F80FF1B1D068E930075CA8E;
			remoteInfo = NekoTest;
		};
		8F80FF3C1D068E930075CA8E /* PBXContainerItemProxy */ = {
			isa = PBXContainerItemProxy;
			containerPortal = 8F80FF141D068E930075CA8E /* Project object */;
			proxyType = 1;
			remoteGlobalIDString = 8F80FF1B1D068E930075CA8E;
			remoteInfo = NekoTest;
		};
/* End PBXContainerItemProxy section */

/* Begin PBXFileReference section */
		8F80FF1C1D068E930075CA8E /* NekoTest.app */ = {isa = PBXFileReference; explicitFileType = wrapper.application; includeInIndex = 0; path = NekoTest.app; sourceTree = BUILT_PRODUCTS_DIR; };
		8F80FF1F1D068E930075CA8E /* AppDelegate.swift */ = {isa = PBXFileReference; lastKnownFileType = sourcecode.swift; path = AppDelegate.swift; sourceTree = "<group>"; };
		8F80FF211D068E930075CA8E /* ViewController.swift */ = {isa = PBXFileReference; lastKnownFileType = sourcecode.swift; path = ViewController.swift; sourceTree = "<group>"; };
		8F80FF241D068E930075CA8E /* Base */ = {isa = PBXFileReference; lastKnownFileType = file.storyboard; name = Base; path = Base.lproj/Main.storyboard; sourceTree = "<group>"; };
		8F80FF261D068E930075CA8E /* Assets.xcassets */ = {isa = PBXFileReference; lastKnownFileType = folder.assetcatalog; path = Assets.xcassets; sourceTree = "<group>"; };
		8F80FF291D068E930075CA8E /* Base */ = {isa = PBXFileReference; lastKnownFileType = file.storyboard; name = Base; path = Base.lproj/LaunchScreen.storyboard; sourceTree = "<group>"; };
		8F80FF2B1D068E930075CA8E /* Info.plist */ = {isa = PBXFileReference; lastKnownFileType = text.plist.xml; path = Info.plist; sourceTree = "<group>"; };
		8F80FF301D068E930075CA8E /* NekoTestTests.xctest */ = {isa = PBXFileReference; explicitFileType = wrapper.cfbundle; includeInIndex = 0; path = NekoTestTests.xctest; sourceTree = BUILT_PRODUCTS_DIR; };
		8F80FF341D068E930075CA8E /* NekoTestTests.swift */ = {isa = PBXFileReference; lastKnownFileType = sourcecode.swift; path = NekoTestTests.swift; sourceTree = "<group>"; };
		8F80FF361D068E930075CA8E /* Info.plist */ = {isa = PBXFileReference; lastKnownFileType = text.plist.xml; path = Info.plist; sourceTree = "<group>"; };
		8F80FF3B1D068E930075CA8E /* NekoTestUITests.xctest */ = {isa = PBXFileReference; explicitFileType = wrapper.cfbundle; includeInIndex = 0; path = NekoTestUITests.xctest; sourceTree = BUILT_PRODUCTS_DIR; };
		8F80FF3F1D068E930075CA8E /* NekoTestUITests.swift */ = {isa = PBXFileReference; lastKnownFileType = sourcecode.swift; path = NekoTestUITests.swift; sourceTree = "<group>"; };
		8F80FF411D068E930075CA8E /* Info.plist */ = {isa = PBXFileReference; lastKnownFileType = text.plist.xml; path = Info.plist; sourceTree = "<group>"; };
/* End PBXFileReference section */

/* Begin PBXFrameworksBuildPhase section */
		8F80FF191D068E930075CA8E /* Frameworks */ = {
			isa = PBXFrameworksBuildPhase;
			buildActionMask = 2147483647;
			files = (
			);
			runOnlyForDeploymentPostprocessing = 0;
		};
		8F80FF2D1D068E930075CA8E /* Frameworks */ = {
			isa = PBXFrameworksBuildPhase;
			buildActionMask = 2147483647;
			files = (
			);
			runOnlyForDeploymentPostprocessing = 0;
		};
		8F80FF381D068E930075CA8E /* Frameworks */ = {
			isa = PBXFrameworksBuildPhase;
			buildActionMask = 2147483647;
			files = (
			);
			runOnlyForDeploymentPostprocessing = 0;
		};
/* End PBXFrameworksBuildPhase section */

/* Begin PBXGroup section */
		8F80FF131D068E930075CA8E = {
			isa = PBXGroup;
			children = (
				8F80FF1E1D068E930075CA8E /* NekoTest */,
				8F80FF331D068E930075CA8E /* NekoTestTests */,
				8F80FF3E1D068E930075CA8E /* NekoTestUITests */,
				8F80FF1D1D068E930075CA8E /* Products */,
			);
			sourceTree = "<group>";
		};
		8F80FF1D1D068E930075CA8E /* Products */ = {
			isa = PBXGroup;
			children = (
				8F80FF1C1D068E930075CA8E /* NekoTest.app */,
				8F80FF301D068E930075CA8E /* NekoTestTests.xctest */,
				8F80FF3B1D068E930075CA8E /* NekoTestUITests.xctest */,
			);
			name = Products;
			sourceTree = "<group>";
		};
		8F80FF1E1D068E930075CA8E /* NekoTest */ = {
			isa = PBXGroup;
			children = (
				8F80FF1F1D068E930075CA8E /* AppDelegate.swift */,
				8F80FF211D068E930075CA8E /* ViewController.swift */,
				8F80FF231D068E930075CA8E /* Main.storyboard */,
				8F80FF261D068E930075CA8E /* Assets.xcassets */,
				8F80FF281D068E930075CA8E /* LaunchScreen.storyboard */,
				8F80FF2B1D068E930075CA8E /* Info.plist */,
			);
			path = NekoTest;
			sourceTree = "<group>";
		};
		8F80FF331D068E930075CA8E /* NekoTestTests */ = {
			isa = PBXGroup;
			children = (
				8F80FF341D068E930075CA8E /* NekoTestTests.swift */,
				8F80FF361D068E930075CA8E /* Info.plist */,
			);
			path = NekoTestTests;
			sourceTree = "<group>";
		};
		8F80FF3E1D068E930075CA8E /* NekoTestUITests */ = {
			isa = PBXGroup;
			children = (
				8F80FF3F1D068E930075CA8E /* NekoTestUITests.swift */,
				8F80FF411D068E930075CA8E /* Info.plist */,
			);
			path = NekoTestUITests;
			sourceTree = "<group>";
		};
/* End PBXGroup section */

/* Begin PBXNativeTarget section */
		8F80FF1B1D068E930075CA8E /* NekoTest */ = {
			isa = PBXNativeTarget;
			buildConfigurationList = 8F80FF441D068E930075CA8E /* Build configuration list for PBXNativeTarget "NekoTest" */;
			buildPhases = (
				8F80FF181D068E930075CA8E /* Sources */,
				8F80FF191D068E930075CA8E /* Frameworks */,
				8F80FF1A1D068E930075CA8E /* Resources */,
			);
			buildRules = (
			);
			dependencies = (
			);
			name = NekoTest;
			productName = NekoTest;
			productReference = 8F80FF1C1D068E930075CA8E /* NekoTest.app */;
			productType = "com.apple.product-type.application";
		};
		8F80FF2F1D068E930075CA8E /* NekoTestTests */ = {
			isa = PBXNativeTarget;
			buildConfigurationList = 8F80FF471D068E930075CA8E /* Build configuration list for PBXNativeTarget "NekoTestTests" */;
			buildPhases = (
				8F80FF2C1D068E930075CA8E /* Sources */,
				8F80FF2D1D068E930075CA8E /* Frameworks */,
				8F80FF2E1D068E930075CA8E /* Resources */,
			);
			buildRules = (
			);
			dependencies = (
				8F80FF321D068E930075CA8E /* PBXTargetDependency */,
			);
			name = NekoTestTests;
			productName = NekoTestTests;
			productReference = 8F80FF301D068E930075CA8E /* NekoTestTests.xctest */;
			productType = "com.apple.product-type.bundle.unit-test";
		};
		8F80FF3A1D068E930075CA8E /* NekoTestUITests */ = {
			isa = PBXNativeTarget;
			buildConfigurationList = 8F80FF4A1D068E930075CA8E /* Build configuration list for PBXNativeTarget "NekoTestUITests" */;
			buildPhases = (
				8F80FF371D068E930075CA8E /* Sources */,
				8F80FF381D068E930075CA8E /* Frameworks */,
				8F80FF391D068E930075CA8E /* Resources */,
			);
			buildRules = (
			);
			dependencies = (
				8F80FF3D1D068E930075CA8E /* PBXTargetDependency */,
			);
			name = NekoTestUITests;
			productName = NekoTestUITests;
			productReference = 8F80FF3B1D068E930075CA8E /* NekoTestUITests.xctest */;
			productType = "com.apple.product-type.bundle.ui-testing";
		};
/* End PBXNativeTarget section */

/* Begin PBXProject section */
		8F80FF141D068E930075CA8E /* Project object */ = {
			isa = PBXProject;
			attributes = {
				LastSwiftUpdateCheck = 0730;
				LastUpgradeCheck = 0730;
				ORGANIZATIONNAME = NaoyaUchisawa;
				TargetAttributes = {
					8F80FF1B1D068E930075CA8E = {
						CreatedOnToolsVersion = 7.3.1;
					};
					8F80FF2F1D068E930075CA8E = {
						CreatedOnToolsVersion = 7.3.1;
						TestTargetID = 8F80FF1B1D068E930075CA8E;
					};
					8F80FF3A1D068E930075CA8E = {
						CreatedOnToolsVersion = 7.3.1;
						TestTargetID = 8F80FF1B1D068E930075CA8E;
					};
				};
			};
			buildConfigurationList = 8F80FF171D068E930075CA8E /* Build configuration list for PBXProject "NekoTest" */;
			compatibilityVersion = "Xcode 3.2";
			developmentRegion = English;
			hasScannedForEncodings = 0;
			knownRegions = (
				en,
				Base,
			);
			mainGroup = 8F80FF131D068E930075CA8E;
			productRefGroup = 8F80FF1D1D068E930075CA8E /* Products */;
			projectDirPath = "";
			projectRoot = "";
			targets = (
				8F80FF1B1D068E930075CA8E /* NekoTest */,
				8F80FF2F1D068E930075CA8E /* NekoTestTests */,
				8F80FF3A1D068E930075CA8E /* NekoTestUITests */,
			);
		};
/* End PBXProject section */

/* Begin PBXResourcesBuildPhase section */
		8F80FF1A1D068E930075CA8E /* Resources */ = {
			isa = PBXResourcesBuildPhase;
			buildActionMask = 2147483647;
			files = (
				8F80FF2A1D068E930075CA8E /* LaunchScreen.storyboard in Resources */,
				8F80FF271D068E930075CA8E /* Assets.xcassets in Resources */,
				8F80FF251D068E930075CA8E /* Main.storyboard in Resources */,
			);
			runOnlyForDeploymentPostprocessing = 0;
		};
		8F80FF2E1D068E930075CA8E /* Resources */ = {
			isa = PBXResourcesBuildPhase;
			buildActionMask = 2147483647;
			files = (
			);
			runOnlyForDeploymentPostprocessing = 0;
		};
		8F80FF391D068E930075CA8E /* Resources */ = {
			isa = PBXResourcesBuildPhase;
			buildActionMask = 2147483647;
			files = (
			);
			runOnlyForDeploymentPostprocessing = 0;
		};
/* End PBXResourcesBuildPhase section */

/* Begin PBXSourcesBuildPhase section */
		8F80FF181D068E930075CA8E /* Sources */ = {
			isa = PBXSourcesBuildPhase;
			buildActionMask = 2147483647;
			files = (
				8F80FF221D068E930075CA8E /* ViewController.swift in Sources */,
				8F80FF201D068E930075CA8E /* AppDelegate.swift in Sources */,
			);
			runOnlyForDeploymentPostprocessing = 0;
		};
		8F80FF2C1D068E930075CA8E /* Sources */ = {
			isa = PBXSourcesBuildPhase;
			buildActionMask = 2147483647;
			files = (
				8F80FF351D068E930075CA8E /* NekoTestTests.swift in Sources */,
			);
			runOnlyForDeploymentPostprocessing = 0;
		};
		8F80FF371D068E930075CA8E /* Sources */ = {
			isa = PBXSourcesBuildPhase;
			buildActionMask = 2147483647;
			files = (
				8F80FF401D068E930075CA8E /* NekoTestUITests.swift in Sources */,
			);
			runOnlyForDeploymentPostprocessing = 0;
		};
/* End PBXSourcesBuildPhase section */

/* Begin PBXTargetDependency section */
		8F80FF321D068E930075CA8E /* PBXTargetDependency */ = {
			isa = PBXTargetDependency;
			target = 8F80FF1B1D068E930075CA8E /* NekoTest */;
			targetProxy = 8F80FF311D068E930075CA8E /* PBXContainerItemProxy */;
		};
		8F80FF3D1D068E930075CA8E /* PBXTargetDependency */ = {
			isa = PBXTargetDependency;
			target = 8F80FF1B1D068E930075CA8E /* NekoTest */;
			targetProxy = 8F80FF3C1D068E930075CA8E /* PBXContainerItemProxy */;
		};
/* End PBXTargetDependency section */

/* Begin PBXVariantGroup section */
		8F80FF231D068E930075CA8E /* Main.storyboard */ = {
			isa = PBXVariantGroup;
			children = (
				8F80FF241D068E930075CA8E /* Base */,
			);
			name = Main.storyboard;
			sourceTree = "<group>";
		};
		8F80FF281D068E930075CA8E /* LaunchScreen.storyboard */ = {
			isa = PBXVariantGroup;
			children = (
				8F80FF291D068E930075CA8E /* Base */,
			);
			name = LaunchScreen.storyboard;
			sourceTree = "<group>";
		};
/* End PBXVariantGroup section */

/* Begin XCBuildConfiguration section */
		8F80FF421D068E930075CA8E /* Debug */ = {
			isa = XCBuildConfiguration;
			buildSettings = {
				ALWAYS_SEARCH_USER_PATHS = NO;
				CLANG_ANALYZER_NONNULL = YES;
				CLANG_CXX_LANGUAGE_STANDARD = "gnu++0x";
				CLANG_CXX_LIBRARY = "libc++";
				CLANG_ENABLE_MODULES = YES;
				CLANG_ENABLE_OBJC_ARC = YES;
				CLANG_WARN_BOOL_CONVERSION = YES;
				CLANG_WARN_CONSTANT_CONVERSION = YES;
				CLANG_WARN_DIRECT_OBJC_ISA_USAGE = YES_ERROR;
				CLANG_WARN_EMPTY_BODY = YES;
				CLANG_WARN_ENUM_CONVERSION = YES;
				CLANG_WARN_INT_CONVERSION = YES;
				CLANG_WARN_OBJC_ROOT_CLASS = YES_ERROR;
				CLANG_WARN_UNREACHABLE_CODE = YES;
				CLANG_WARN__DUPLICATE_METHOD_MATCH = YES;
				"CODE_SIGN_IDENTITY[sdk=iphoneos*]" = "iPhone Developer";
				COPY_PHASE_STRIP = NO;
				DEBUG_INFORMATION_FORMAT = dwarf;
				ENABLE_STRICT_OBJC_MSGSEND = YES;
				ENABLE_TESTABILITY = YES;
				GCC_C_LANGUAGE_STANDARD = gnu99;
				GCC_DYNAMIC_NO_PIC = NO;
				GCC_NO_COMMON_BLOCKS = YES;
				GCC_OPTIMIZATION_LEVEL = 0;
				GCC_PREPROCESSOR_DEFINITIONS = (
					"DEBUG=1",
					"$(inherited)",
				);
				GCC_WARN_64_TO_32_BIT_CONVERSION = YES;
				GCC_WARN_ABOUT_RETURN_TYPE = YES_ERROR;
				GCC_WARN_UNDECLARED_SELECTOR = YES;
				GCC_WARN_UNINITIALIZED_AUTOS = YES_AGGRESSIVE;
				GCC_WARN_UNUSED_FUNCTION = YES;
				GCC_WARN_UNUSED_VARIABLE = YES;
				IPHONEOS_DEPLOYMENT_TARGET = 9.3;
				MTL_ENABLE_DEBUG_INFO = YES;
				ONLY_ACTIVE_ARCH = YES;
				SDKROOT = iphoneos;
				SWIFT_OPTIMIZATION_LEVEL = "-Onone";
			};
			name = Debug;
		};
		8F80FF431D068E930075CA8E /* Release */ = {
			isa = XCBuildConfiguration;
			buildSettings = {
				ALWAYS_SEARCH_USER_PATHS = NO;
				CLANG_ANALYZER_NONNULL = YES;
				CLANG_CXX_LANGUAGE_STANDARD = "gnu++0x";
				CLANG_CXX_LIBRARY = "libc++";
				CLANG_ENABLE_MODULES = YES;
				CLANG_ENABLE_OBJC_ARC = YES;
				CLANG_WARN_BOOL_CONVERSION = YES;
				CLANG_WARN_CONSTANT_CONVERSION = YES;
				CLANG_WARN_DIRECT_OBJC_ISA_USAGE = YES_ERROR;
				CLANG_WARN_EMPTY_BODY = YES;
				CLANG_WARN_ENUM_CONVERSION = YES;
				CLANG_WARN_INT_CONVERSION = YES;
				CLANG_WARN_OBJC_ROOT_CLASS = YES_ERROR;
				CLANG_WARN_UNREACHABLE_CODE = YES;
				CLANG_WARN__DUPLICATE_METHOD_MATCH = YES;
				"CODE_SIGN_IDENTITY[sdk=iphoneos*]" = "iPhone Developer";
				COPY_PHASE_STRIP = NO;
				DEBUG_INFORMATION_FORMAT = "dwarf-with-dsym";
				ENABLE_NS_ASSERTIONS = NO;
				ENABLE_STRICT_OBJC_MSGSEND = YES;
				GCC_C_LANGUAGE_STANDARD = gnu99;
				GCC_NO_COMMON_BLOCKS = YES;
				GCC_WARN_64_TO_32_BIT_CONVERSION = YES;
				GCC_WARN_ABOUT_RETURN_TYPE = YES_ERROR;
				GCC_WARN_UNDECLARED_SELECTOR = YES;
				GCC_WARN_UNINITIALIZED_AUTOS = YES_AGGRESSIVE;
				GCC_WARN_UNUSED_FUNCTION = YES;
				GCC_WARN_UNUSED_VARIABLE = YES;
				IPHONEOS_DEPLOYMENT_TARGET = 9.3;
				MTL_ENABLE_DEBUG_INFO = NO;
				SDKROOT = iphoneos;
				VALIDATE_PRODUCT = YES;
			};
			name = Release;
		};
		8F80FF451D068E930075CA8E /* Debug */ = {
			isa = XCBuildConfiguration;
			buildSettings = {
				ASSETCATALOG_COMPILER_APPICON_NAME = AppIcon;
				INFOPLIST_FILE = NekoTest/Info.plist;
				LD_RUNPATH_SEARCH_PATHS = "$(inherited) @executable_path/Frameworks";
				PRODUCT_BUNDLE_IDENTIFIER = com.NaoyaUchisawa.NekoTest;
				PRODUCT_NAME = "$(TARGET_NAME)";
			};
			name = Debug;
		};
		8F80FF461D068E930075CA8E /* Release */ = {
			isa = XCBuildConfiguration;
			buildSettings = {
				ASSETCATALOG_COMPILER_APPICON_NAME = AppIcon;
				INFOPLIST_FILE = NekoTest/Info.plist;
				LD_RUNPATH_SEARCH_PATHS = "$(inherited) @executable_path/Frameworks";
				PRODUCT_BUNDLE_IDENTIFIER = com.NaoyaUchisawa.NekoTest;
				PRODUCT_NAME = "$(TARGET_NAME)";
			};
			name = Release;
		};
		8F80FF481D068E930075CA8E /* Debug */ = {
			isa = XCBuildConfiguration;
			buildSettings = {
				BUNDLE_LOADER = "$(TEST_HOST)";
				INFOPLIST_FILE = NekoTestTests/Info.plist;
				LD_RUNPATH_SEARCH_PATHS = "$(inherited) @executable_path/Frameworks @loader_path/Frameworks";
				PRODUCT_BUNDLE_IDENTIFIER = com.NaoyaUchisawa.NekoTestTests;
				PRODUCT_NAME = "$(TARGET_NAME)";
				TEST_HOST = "$(BUILT_PRODUCTS_DIR)/NekoTest.app/NekoTest";
			};
			name = Debug;
		};
		8F80FF491D068E930075CA8E /* Release */ = {
			isa = XCBuildConfiguration;
			buildSettings = {
				BUNDLE_LOADER = "$(TEST_HOST)";
				INFOPLIST_FILE = NekoTestTests/Info.plist;
				LD_RUNPATH_SEARCH_PATHS = "$(inherited) @executable_path/Frameworks @loader_path/Frameworks";
				PRODUCT_BUNDLE_IDENTIFIER = com.NaoyaUchisawa.NekoTestTests;
				PRODUCT_NAME = "$(TARGET_NAME)";
				TEST_HOST = "$(BUILT_PRODUCTS_DIR)/NekoTest.app/NekoTest";
			};
			name = Release;
		};
		8F80FF4B1D068E930075CA8E /* Debug */ = {
			isa = XCBuildConfiguration;
			buildSettings = {
				INFOPLIST_FILE = NekoTestUITests/Info.plist;
				LD_RUNPATH_SEARCH_PATHS = "$(inherited) @executable_path/Frameworks @loader_path/Frameworks";
				PRODUCT_BUNDLE_IDENTIFIER = com.NaoyaUchisawa.NekoTestUITests;
				PRODUCT_NAME = "$(TARGET_NAME)";
				TEST_TARGET_NAME = NekoTest;
			};
			name = Debug;
		};
		8F80FF4C1D068E930075CA8E /* Release */ = {
			isa = XCBuildConfiguration;
			buildSettings = {
				INFOPLIST_FILE = NekoTestUITests/Info.plist;
				LD_RUNPATH_SEARCH_PATHS = "$(inherited) @executable_path/Frameworks @loader_path/Frameworks";
				PRODUCT_BUNDLE_IDENTIFIER = com.NaoyaUchisawa.NekoTestUITests;
				PRODUCT_NAME = "$(TARGET_NAME)";
				TEST_TARGET_NAME = NekoTest;
			};
			name = Release;
		};
/* End XCBuildConfiguration section */

/* Begin XCConfigurationList section */
		8F80FF171D068E930075CA8E /* Build configuration list for PBXProject "NekoTest" */ = {
			isa = XCConfigurationList;
			buildConfigurations = (
				8F80FF421D068E930075CA8E /* Debug */,
				8F80FF431D068E930075CA8E /* Release */,
			);
			defaultConfigurationIsVisible = 0;
			defaultConfigurationName = Release;
		};
		8F80FF441D068E930075CA8E /* Build configuration list for PBXNativeTarget "NekoTest" */ = {
			isa = XCConfigurationList;
			buildConfigurations = (
				8F80FF451D068E930075CA8E /* Debug */,
				8F80FF461D068E930075CA8E /* Release */,
			);
			defaultConfigurationIsVisible = 0;
		};
		8F80FF471D068E930075CA8E /* Build configuration list for PBXNativeTarget "NekoTestTests" */ = {
			isa = XCConfigurationList;
			buildConfigurations = (
				8F80FF481D068E930075CA8E /* Debug */,
				8F80FF491D068E930075CA8E /* Release */,
			);
			defaultConfigurationIsVisible = 0;
		};
		8F80FF4A1D068E930075CA8E /* Build configuration list for PBXNativeTarget "NekoTestUITests" */ = {
			isa = XCConfigurationList;
			buildConfigurations = (
				8F80FF4B1D068E930075CA8E /* Debug */,
				8F80FF4C1D068E930075CA8E /* Release */,
			);
			defaultConfigurationIsVisible = 0;
		};
/* End XCConfigurationList section */
	};
	rootObject = 8F80FF141D068E930075CA8E /* Project object */;
}
